
Microsoft Visual Studio Solution File, Format Version 12.00
# Visual Studio Version 16
VisualStudioVersion = 16.0.29911.84
MinimumVisualStudioVersion = 10.0.40219.1
Project("{9A19103F-16F7-4668-BE54-9A1E7A4F7556}") = "HardcoreHistory.Infrastructure", "HardcoreHistoryBlog.EntityFrameworkCore\HardcoreHistory.Infrastructure.csproj", "{3A69EA9F-146E-4645-98C0-3F2459A94EE5}"
EndProject
Project("{9A19103F-16F7-4668-BE54-9A1E7A4F7556}") = "HardcoreHistory.Client.Shared", "HardcoreHistory.Client\Shared\HardcoreHistory.Client.Shared.csproj", "{27202C41-BC08-4BDC-910F-65764A251E4A}"
EndProject
Project("{9A19103F-16F7-4668-BE54-9A1E7A4F7556}") = "HardcoreHistory.Blazor", "HardcoreHistory.Blazor\HardcoreHistory.Blazor.csproj", "{32482933-2F13-434B-8C4D-FDEE54073CCD}"
EndProject
Project("{9A19103F-16F7-4668-BE54-9A1E7A4F7556}") = "HardcoreHistory.Blazor.Client", "HardcoreHistory.Blazor.Client\HardcoreHistory.Blazor.Client.csproj", "{04465509-A030-464F-814E-ACCDBEB6293A}"
EndProject
Global
	GlobalSection(SolutionConfigurationPlatforms) = preSolution
		Debug|Any CPU = Debug|Any CPU
		Release|Any CPU = Release|Any CPU
	EndGlobalSection
	GlobalSection(ProjectConfigurationPlatforms) = postSolution
		{3A69EA9F-146E-4645-98C0-3F2459A94EE5}.Debug|Any CPU.ActiveCfg = Debug|Any CPU
		{3A69EA9F-146E-4645-98C0-3F2459A94EE5}.Debug|Any CPU.Build.0 = Debug|Any CPU
		{3A69EA9F-146E-4645-98C0-3F2459A94EE5}.Release|Any CPU.ActiveCfg = Debug|Any CPU
		{3A69EA9F-146E-4645-98C0-3F2459A94EE5}.Release|Any CPU.Build.0 = Debug|Any CPU
		{27202C41-BC08-4BDC-910F-65764A251E4A}.Debug|Any CPU.ActiveCfg = Debug|Any CPU
		{27202C41-BC08-4BDC-910F-65764A251E4A}.Debug|Any CPU.Build.0 = Debug|Any CPU
		{27202C41-BC08-4BDC-910F-65764A251E4A}.Release|Any CPU.ActiveCfg = Debug|Any CPU
		{27202C41-BC08-4BDC-910F-65764A251E4A}.Release|Any CPU.Build.0 = Debug|Any CPU
		{32482933-2F13-434B-8C4D-FDEE54073CCD}.Debug|Any CPU.ActiveCfg = Debug|Any CPU
		{32482933-2F13-434B-8C4D-FDEE54073CCD}.Debug|Any CPU.Build.0 = Debug|Any CPU
		{32482933-2F13-434B-8C4D-FDEE54073CCD}.Release|Any CPU.ActiveCfg = Release|Any CPU
		{32482933-2F13-434B-8C4D-FDEE54073CCD}.Release|Any CPU.Build.0 = Release|Any CPU
		{04465509-A030-464F-814E-ACCDBEB6293A}.Debug|Any CPU.ActiveCfg = Debug|Any CPU
		{04465509-A030-464F-814E-ACCDBEB6293A}.Debug|Any CPU.Build.0 = Debug|Any CPU
		{04465509-A030-464F-814E-ACCDBEB6293A}.Release|Any CPU.ActiveCfg = Release|Any CPU
		{04465509-A030-464F-814E-ACCDBEB6293A}.Release|Any CPU.Build.0 = Release|Any CPU
	EndGlobalSection
	GlobalSection(SolutionProperties) = preSolution
		HideSolutionNode = FALSE
	EndGlobalSection
	GlobalSection(ExtensibilityGlobals) = postSolution
		SolutionGuid = {CE3092D6-B28C-49D4-8515-8C35B96AE737}
	EndGlobalSection
EndGlobal
